
Microsoft Visual Studio Solution File, Format Version 12.00
# Visual Studio 15
VisualStudioVersion = 15.0.26430.6
MinimumVisualStudioVersion = 10.0.40219.1
Project("{FAE04EC0-301F-11D3-BF4B-00C04F79EFBC}") = "Lab_01", "Lab_01\Lab_01.csproj", "{163C2152-7E44-45EC-AFCE-FEFE65864A4C}"
EndProject
Project("{FAE04EC0-301F-11D3-BF4B-00C04F79EFBC}") = "Lab_02", "Lab_02\Lab_02.csproj", "{7087B1D9-BF74-4036-9291-2958165221F2}"
EndProject
Global
	GlobalSection(SolutionConfigurationPlatforms) = preSolution
		Debug|Any CPU = Debug|Any CPU
		Release|Any CPU = Release|Any CPU
	EndGlobalSection
	GlobalSection(ProjectConfigurationPlatforms) = postSolution
		{163C2152-7E44-45EC-AFCE-FEFE65864A4C}.Debug|Any CPU.ActiveCfg = Debug|Any CPU
		{163C2152-7E44-45EC-AFCE-FEFE65864A4C}.Debug|Any CPU.Build.0 = Debug|Any CPU
		{163C2152-7E44-45EC-AFCE-FEFE65864A4C}.Release|Any CPU.ActiveCfg = Release|Any CPU
		{163C2152-7E44-45EC-AFCE-FEFE65864A4C}.Release|Any CPU.Build.0 = Release|Any CPU
		{7087B1D9-BF74-4036-9291-2958165221F2}.Debug|Any CPU.ActiveCfg = Debug|Any CPU
		{7087B1D9-BF74-4036-9291-2958165221F2}.Debug|Any CPU.Build.0 = Debug|Any CPU
		{7087B1D9-BF74-4036-9291-2958165221F2}.Release|Any CPU.ActiveCfg = Release|Any CPU
		{7087B1D9-BF74-4036-9291-2958165221F2}.Release|Any CPU.Build.0 = Release|Any CPU
	EndGlobalSection
	GlobalSection(SolutionProperties) = preSolution
		HideSolutionNode = FALSE
	EndGlobalSection
	GlobalSection(ExtensibilityGlobals) = postSolution
		SolutionGuid = {78A7A1F2-22A9-4B3A-9CD1-D1A2CE8C3A61}
	EndGlobalSection
EndGlobal
